Microsoft Visual Studio Solution File, Format Version 11.00
# Visual Studio 2008

Project("{1A5349AA-CC95-3D44-42F8-D06ACAF6A270}") = "CandyDefense", "Assembly-CSharp-firstpass-vs.csproj", "{41E33C1C-E4EB-7101-AD7B-F03532E16BD6}"
EndProject
Project("{1A5349AA-CC95-3D44-42F8-D06ACAF6A270}") = "CandyDefense", "Assembly-CSharp-vs.csproj", "{EA2888D6-3E8A-DE73-C0EE-377431D6058D}"
EndProject
Project("{1A5349AA-CC95-3D44-42F8-D06ACAF6A270}") = "CandyDefense", "Assembly-CSharp-Editor-vs.csproj", "{4C6F7792-BCCB-5057-4944-56BDE51A62C2}"
EndProject
Global
	GlobalSection(SolutionConfigurationPlatforms) = preSolution
		Debug|Any CPU = Debug|Any CPU
		Release|Any CPU = Release|Any CPU
	EndGlobalSection
	GlobalSection(ProjectConfigurationPlatforms) = postSolution
		{41E33C1C-E4EB-7101-AD7B-F03532E16BD6}.Debug|Any CPU.ActiveCfg = Debug|Any CPU
		{41E33C1C-E4EB-7101-AD7B-F03532E16BD6}.Debug|Any CPU.Build.0 = Debug|Any CPU
		{41E33C1C-E4EB-7101-AD7B-F03532E16BD6}.Release|Any CPU.ActiveCfg = Release|Any CPU
		{41E33C1C-E4EB-7101-AD7B-F03532E16BD6}.Release|Any CPU.Build.0 = Release|Any CPU
		{EA2888D6-3E8A-DE73-C0EE-377431D6058D}.Debug|Any CPU.ActiveCfg = Debug|Any CPU
		{EA2888D6-3E8A-DE73-C0EE-377431D6058D}.Debug|Any CPU.Build.0 = Debug|Any CPU
		{EA2888D6-3E8A-DE73-C0EE-377431D6058D}.Release|Any CPU.ActiveCfg = Release|Any CPU
		{EA2888D6-3E8A-DE73-C0EE-377431D6058D}.Release|Any CPU.Build.0 = Release|Any CPU
		{4C6F7792-BCCB-5057-4944-56BDE51A62C2}.Debug|Any CPU.ActiveCfg = Debug|Any CPU
		{4C6F7792-BCCB-5057-4944-56BDE51A62C2}.Debug|Any CPU.Build.0 = Debug|Any CPU
		{4C6F7792-BCCB-5057-4944-56BDE51A62C2}.Release|Any CPU.ActiveCfg = Release|Any CPU
		{4C6F7792-BCCB-5057-4944-56BDE51A62C2}.Release|Any CPU.Build.0 = Release|Any CPU
	EndGlobalSection
	GlobalSection(SolutionProperties) = preSolution
		HideSolutionNode = FALSE
	EndGlobalSection
																							GlobalSection(MonoDevelopProperties) = preSolution
		StartupItem = Assembly-CSharp.csproj
		Policies = $0
		$0.TextStylePolicy = $1
		$1.inheritsSet = null
		$1.scope = text/x-csharp
		$0.CSharpFormattingPolicy = $2
		$2.inheritsSet = Mono
		$2.inheritsScope = text/x-csharp
		$2.scope = text/x-csharp
		$0.TextStylePolicy = $3
		$3.FileWidth = 120
		$3.TabWidth = 4
		$3.EolMarker = Unix
		$3.inheritsSet = Mono
		$3.inheritsScope = text/plain
		$3.scope = text/plain
	EndGlobalSection

EndGlobal
